[root]
name = "rjpb"
version = "0.1.0"
dependencies = [
 "json 0.11.9 (registry+https://github.com/rust-lang/crates.io-index)",
 "linear-map 1.2.0 (registry+https://github.com/rust-lang/crates.io-index)",
 "pikkr 0.14.0 (registry+https://github.com/rust-lang/crates.io-index)",
 "serde 1.0.12 (registry+https://github.com/rust-lang/crates.io-index)",
 "serde_json 1.0.3 (registry+https://github.com/rust-lang/crates.io-index)",
]

[[package]]
name = "dtoa"
version = "0.4.2"
source = "registry+https://github.com/rust-lang/crates.io-index"

[[package]]
name = "fnv"
version = "1.0.5"
source = "registry+https://github.com/rust-lang/crates.io-index"

[[package]]
name = "itoa"
version = "0.3.3"
source = "registry+https://github.com/rust-lang/crates.io-index"

[[package]]
name = "json"
version = "0.11.9"
source = "registry+https://github.com/rust-lang/crates.io-index"

[[package]]
name = "linear-map"
version = "1.2.0"
source = "registry+https://github.com/rust-lang/crates.io-index"

[[package]]
name = "num-traits"
version = "0.1.40"
source = "registry+https://github.com/rust-lang/crates.io-index"

[[package]]
name = "pikkr"
version = "0.14.0"
source = "registry+https://github.com/rust-lang/crates.io-index"
dependencies = [
 "fnv 1.0.5 (registry+https://github.com/rust-lang/crates.io-index)",
 "x86intrin 0.4.3 (registry+https://github.com/rust-lang/crates.io-index)",
]

[[package]]
name = "serde"
version = "1.0.12"
source = "registry+https://github.com/rust-lang/crates.io-index"

[[package]]
name = "serde_json"
version = "1.0.3"
source = "registry+https://github.com/rust-lang/crates.io-index"
dependencies = [
 "dtoa 0.4.2 (registry+https://github.com/rust-lang/crates.io-index)",
 "itoa 0.3.3 (registry+https://github.com/rust-lang/crates.io-index)",
 "num-traits 0.1.40 (registry+https://github.com/rust-lang/crates.io-index)",
 "serde 1.0.12 (registry+https://github.com/rust-lang/crates.io-index)",
]

[[package]]
name = "x86intrin"
version = "0.4.3"
source = "registry+https://github.com/rust-lang/crates.io-index"

[metadata]
"checksum dtoa 0.4.2 (registry+https://github.com/rust-lang/crates.io-index)" = "09c3753c3db574d215cba4ea76018483895d7bff25a31b49ba45db21c48e50ab"
"checksum fnv 1.0.5 (registry+https://github.com/rust-lang/crates.io-index)" = "6cc484842f1e2884faf56f529f960cc12ad8c71ce96cc7abba0a067c98fee344"
"checksum itoa 0.3.3 (registry+https://github.com/rust-lang/crates.io-index)" = "ac17257442c2ed77dbc9fd555cf83c58b0c7f7d0e8f2ae08c0ac05c72842e1f6"
"checksum json 0.11.9 (registry+https://github.com/rust-lang/crates.io-index)" = "c2b0b20012c690c7f0578893637d3b4b61511e3fe4774389b5e77dd8023bc3e4"
"checksum linear-map 1.2.0 (registry+https://github.com/rust-lang/crates.io-index)" = "bfae20f6b19ad527b550c223fddc3077a547fc70cda94b9b566575423fd303ee"
"checksum num-traits 0.1.40 (registry+https://github.com/rust-lang/crates.io-index)" = "99843c856d68d8b4313b03a17e33c4bb42ae8f6610ea81b28abe076ac721b9b0"
"checksum pikkr 0.14.0 (registry+https://github.com/rust-lang/crates.io-index)" = "e35f0ee58870b642325325eb0cda6676647d9fa38d1917db526df991e097d912"
"checksum serde 1.0.12 (registry+https://github.com/rust-lang/crates.io-index)" = "7f61b753dd58ec5d4c735f794dbddde1f28b977f652afbcde89d75bc77902216"
"checksum serde_json 1.0.3 (registry+https://github.com/rust-lang/crates.io-index)" = "d243424e06f9f9c39e3cd36147470fd340db785825e367625f79298a6ac6b7ac"
"checksum x86intrin 0.4.3 (registry+https://github.com/rust-lang/crates.io-index)" = "5f65e7a74c19065448f1f36de5100f947c9309244c084ded5594ddf6d588706d"
